{
  "version": 1,
  "dependencies": {
    "net7.0": {
      "Fluxor.Blazor.Web": {
        "type": "Direct",
        "requested": "[5.9.0, )",
        "resolved": "5.9.0",
        "contentHash": "SVoU41icMgIkTGuzTgcqIp9J/M6CAwTAhs8J3g2aE66cqFD2cN4YzEQn3X5qi9z4HAKEMT8qCxq4iXCeWEuNcg==",
        "dependencies": {
          "Fluxor": "5.9.0",
          "Microsoft.AspNetCore.Components.Web": "7.0.0"
        }
      },
      "kwd.CoreUtil": {
        "type": "Direct",
        "requested": "[1.3.0, )",
        "resolved": "1.3.0",
        "contentHash": "HyrrlHHfd/csvUKgNIhCUGi3uR6yT3G8zcv3JZQH2KE+kiNlAI+MxfJ685ZMpcxdfPTy80M6Co8Ez1lZIWEjWA==",
        "dependencies": {
          "System.IO.Abstractions": "19.2.29"
        }
      },
      "Fluxor": {
        "type": "Transitive",
        "resolved": "5.9.0",
        "contentHash": "9SMrk6QdzFMWPI4pevzkGPcKDQWfv6pLhBIJmyuejrPLhus1B0CEUhotarV4h7HcnolqcSXqLMTk0GF4ISAFsg==",
        "dependencies": {
          "Microsoft.Extensions.DependencyInjection.Abstractions": "7.0.0"
        }
      },
      "Microsoft.AspNetCore.Authorization": {
        "type": "Transitive",
        "resolved": "7.0.0",
        "contentHash": "0O7C7XHj+17Q0geMpnpRC0fnnALH2Yhaa2SAzX00OkeF2NZ/+zWoDymbSnepg1qhueufUivihZiVGtMeq5Zywg==",
        "dependencies": {
          "Microsoft.AspNetCore.Metadata": "7.0.0",
          "Microsoft.Extensions.Logging.Abstractions": "7.0.0",
          "Microsoft.Extensions.Options": "7.0.0"
        }
      },
      "Microsoft.AspNetCore.Components": {
        "type": "Transitive",
        "resolved": "7.0.0",
        "contentHash": "8bz6m5cb5VJTftEbfMCLTcoH9+5tTAX8AuOf9z7Q86joRBkkkKYNrEozhZhZwjOStVbQIQzsYJZQQETaVALNQQ==",
        "dependencies": {
          "Microsoft.AspNetCore.Authorization": "7.0.0",
          "Microsoft.AspNetCore.Components.Analyzers": "7.0.0"
        }
      },
      "Microsoft.AspNetCore.Components.Analyzers": {
        "type": "Transitive",
        "resolved": "7.0.0",
        "contentHash": "UIxDb79WhKacD2L3+h+iVjwMmj46bCNsikizqIgffpqZnB0WwtJJ17jxcqXcjp/oVkcRjzoEleaMEE5ysX4tvg=="
      },
      "Microsoft.AspNetCore.Components.Forms": {
        "type": "Transitive",
        "resolved": "7.0.0",
        "contentHash": "xmcICgXAkrCQ3d4cNgD5YxtFqTPvnOl0hS7orIIziWZ3OQLAYFDpDhpITbK13iRSqsN5GXpxgzHIrAIr2ail8A==",
        "dependencies": {
          "Microsoft.AspNetCore.Components": "7.0.0"
        }
      },
      "Microsoft.AspNetCore.Components.Web": {
        "type": "Transitive",
        "resolved": "7.0.0",
        "contentHash": "UkwVMsRozkcKl18Qjc8jyXM/L+ehRMqDblkCGgheGU0WC/EB/yfw/cwTEbiAeztgfVlSpC6a19Zm75U+ie+RCw==",
        "dependencies": {
          "Microsoft.AspNetCore.Components": "7.0.0",
          "Microsoft.AspNetCore.Components.Forms": "7.0.0",
          "Microsoft.Extensions.DependencyInjection": "7.0.0",
          "Microsoft.JSInterop": "7.0.0",
          "System.IO.Pipelines": "7.0.0"
        }
      },
      "Microsoft.AspNetCore.Metadata": {
        "type": "Transitive",
        "resolved": "7.0.0",
        "contentHash": "ut2azlKz7BQpCKu6AiwKEjMHpRWoD4qu2Ff/n6KagjFsyDAfZY7lgYJ158vr4O0jXet6pV1uF1q3jmXvki0OlA=="
      },
      "Microsoft.Extensions.DependencyInjection": {
        "type": "Transitive",
        "resolved": "7.0.0",
        "contentHash": "elNeOmkeX3eDVG6pYVeV82p29hr+UKDaBhrZyWvWLw/EVZSYEkZlQdkp0V39k/Xehs2Qa0mvoCvkVj3eQxNQ1Q==",
        "dependencies": {
          "Microsoft.Extensions.DependencyInjection.Abstractions": "7.0.0"
        }
      },
      "Microsoft.Extensions.DependencyInjection.Abstractions": {
        "type": "Transitive",
        "resolved": "7.0.0",
        "contentHash": "h3j/QfmFN4S0w4C2A6X7arXij/M/OVw3uQHSOFxnND4DyAzO1F9eMX7Eti7lU/OkSthEE0WzRsfT/Dmx86jzCw=="
      },
      "Microsoft.Extensions.Logging.Abstractions": {
        "type": "Transitive",
        "resolved": "7.0.0",
        "contentHash": "kmn78+LPVMOWeITUjIlfxUPDsI0R6G0RkeAMBmQxAJ7vBJn4q2dTva7pWi65ceN5vPGjJ9q/Uae2WKgvfktJAw=="
      },
      "Microsoft.Extensions.Options": {
        "type": "Transitive",
        "resolved": "7.0.0",
        "contentHash": "lP1yBnTTU42cKpMozuafbvNtQ7QcBjr/CcK3bYOGEMH55Fjt+iecXjT6chR7vbgCMqy3PG3aNQSZgo/EuY/9qQ==",
        "dependencies": {
          "Microsoft.Extensions.DependencyInjection.Abstractions": "7.0.0",
          "Microsoft.Extensions.Primitives": "7.0.0"
        }
      },
      "Microsoft.Extensions.Primitives": {
        "type": "Transitive",
        "resolved": "7.0.0",
        "contentHash": "um1KU5kxcRp3CNuI8o/GrZtD4AIOXDk+RLsytjZ9QPok3ttLUelLKpilVPuaFT3TFjOhSibUAso0odbOaCDj3Q=="
      },
      "Microsoft.JSInterop": {
        "type": "Transitive",
        "resolved": "7.0.0",
        "contentHash": "C9diwCnaWZ7PH3zOyf2zgcwFEqbSU11DzCnUPXCf5cqXMFeZDrEDP+M74TiCURKJ5vxImRvMtD7RiHYCtkxoXw=="
      },
      "System.IO.Abstractions": {
        "type": "Transitive",
        "resolved": "19.2.29",
        "contentHash": "G6Cv4Uf3aAE5Idcec1GUHMhqaKmzdrYfAZsxnRE+aW8yIrDs/qTC7yxG2FUDxuIMOYOuhaWJWaUfxpTjCenWZA==",
        "dependencies": {
          "TestableIO.System.IO.Abstractions": "19.2.29",
          "TestableIO.System.IO.Abstractions.Wrappers": "19.2.29"
        }
      },
      "System.IO.Pipelines": {
        "type": "Transitive",
        "resolved": "7.0.0",
        "contentHash": "jRn6JYnNPW6xgQazROBLSfpdoczRw694vO5kKvMcNnpXuolEixUyw6IBuBs2Y2mlSX/LdLvyyWmfXhaI3ND1Yg=="
      },
      "TestableIO.System.IO.Abstractions": {
        "type": "Transitive",
        "resolved": "19.2.29",
        "contentHash": "sqZAF3+li6MCKr1jWEonv6wVvhZfVGgwWWsKx8dfxlARWQNw543ZJDlU0Yn7ce8UBeOOzWLwBNl2TAPPuQqAqQ=="
      },
      "TestableIO.System.IO.Abstractions.Wrappers": {
        "type": "Transitive",
        "resolved": "19.2.29",
        "contentHash": "oO00myIO1cjVYgDj46AXY2Oeba3pz89HhsQ1uuFRSP9bwn2cUB1Y93EsGL4nSPMms2Wgikv8i58AVwQLGDEU7w==",
        "dependencies": {
          "TestableIO.System.IO.Abstractions": "19.2.29"
        }
      }
    }
  }
}